
Microsoft Visual Studio Solution File, Format Version 12.00
# Visual Studio Version 16
VisualStudioVersion = 16.0.32901.82
MinimumVisualStudioVersion = 10.0.40219.1
Project("{FAE04EC0-301F-11D3-BF4B-00C04F79EFBC}") = "QuickShort", "QuickShort\QuickShort.csproj", "{9BE84D6D-7A34-4654-A492-8CAA38B484A7}"
EndProject
Global
	GlobalSection(SolutionConfigurationPlatforms) = preSolution
		Debug|Any CPU = Debug|Any CPU
		Release|Any CPU = Release|Any CPU
	EndGlobalSection
	GlobalSection(ProjectConfigurationPlatforms) = postSolution
		{9BE84D6D-7A34-4654-A492-8CAA38B484A7}.Debug|Any CPU.ActiveCfg = Debug|Any CPU
		{9BE84D6D-7A34-4654-A492-8CAA38B484A7}.Debug|Any CPU.Build.0 = Debug|Any CPU
		{9BE84D6D-7A34-4654-A492-8CAA38B484A7}.Release|Any CPU.ActiveCfg = Release|Any CPU
		{9BE84D6D-7A34-4654-A492-8CAA38B484A7}.Release|Any CPU.Build.0 = Release|Any CPU
	EndGlobalSection
	GlobalSection(SolutionProperties) = preSolution
		HideSolutionNode = FALSE
	EndGlobalSection
	GlobalSection(ExtensibilityGlobals) = postSolution
		SolutionGuid = {B5F9782A-2D12-4B31-AAA3-B59D9056522D}
	EndGlobalSection
EndGlobal
